
Microsoft Visual Studio Solution File, Format Version 12.00
# Visual Studio Version 17
VisualStudioVersion = 17.5.33502.453
MinimumVisualStudioVersion = 10.0.40219.1
Project("{FAE04EC0-301F-11D3-BF4B-00C04F79EFBC}") = "WpfCalculation", "WpfCalculation\WpfCalculation.csproj", "{08881352-18C9-4FC9-91B4-C1937C5B82BB}"
EndProject
Global
	GlobalSection(SolutionConfigurationPlatforms) = preSolution
		Debug|Any CPU = Debug|Any CPU
		Release|Any CPU = Release|Any CPU
	EndGlobalSection
	GlobalSection(ProjectConfigurationPlatforms) = postSolution
		{08881352-18C9-4FC9-91B4-C1937C5B82BB}.Debug|Any CPU.ActiveCfg = Debug|Any CPU
		{08881352-18C9-4FC9-91B4-C1937C5B82BB}.Debug|Any CPU.Build.0 = Debug|Any CPU
		{08881352-18C9-4FC9-91B4-C1937C5B82BB}.Release|Any CPU.ActiveCfg = Release|Any CPU
		{08881352-18C9-4FC9-91B4-C1937C5B82BB}.Release|Any CPU.Build.0 = Release|Any CPU
	EndGlobalSection
	GlobalSection(SolutionProperties) = preSolution
		HideSolutionNode = FALSE
	EndGlobalSection
	GlobalSection(ExtensibilityGlobals) = postSolution
		SolutionGuid = {B2441D47-134E-484D-B9D3-8F93FC8C589F}
	EndGlobalSection
EndGlobal
