
Microsoft Visual Studio Solution File, Format Version 12.00
# Visual Studio Version 17
VisualStudioVersion = 17.6.33829.357
MinimumVisualStudioVersion = 10.0.40219.1
Project("{FAE04EC0-301F-11D3-BF4B-00C04F79EFBC}") = "WpаFindWord", "WpаFindWord.csproj", "{5954A720-3446-4C41-9BF6-AFFC6B31B06E}"
EndProject
Global
	GlobalSection(SolutionConfigurationPlatforms) = preSolution
		Debug|Any CPU = Debug|Any CPU
		Release|Any CPU = Release|Any CPU
	EndGlobalSection
	GlobalSection(ProjectConfigurationPlatforms) = postSolution
		{5954A720-3446-4C41-9BF6-AFFC6B31B06E}.Debug|Any CPU.ActiveCfg = Debug|Any CPU
		{5954A720-3446-4C41-9BF6-AFFC6B31B06E}.Debug|Any CPU.Build.0 = Debug|Any CPU
		{5954A720-3446-4C41-9BF6-AFFC6B31B06E}.Release|Any CPU.ActiveCfg = Release|Any CPU
		{5954A720-3446-4C41-9BF6-AFFC6B31B06E}.Release|Any CPU.Build.0 = Release|Any CPU
	EndGlobalSection
	GlobalSection(SolutionProperties) = preSolution
		HideSolutionNode = FALSE
	EndGlobalSection
	GlobalSection(ExtensibilityGlobals) = postSolution
		SolutionGuid = {6B041239-F189-4308-AC10-5B0D837DC8F8}
	EndGlobalSection
EndGlobal
